
Microsoft Visual Studio Solution File, Format Version 12.00
# Visual Studio Version 17
VisualStudioVersion = 17.3.32922.545
MinimumVisualStudioVersion = 10.0.40219.1
Project("{FAE04EC0-301F-11D3-BF4B-00C04F79EFBC}") = "NET_PR2_1_z2", "NET_PR2_1_z2.csproj", "{812488F6-B20C-4BD3-B9E1-5DDB897CF1C3}"
EndProject
Global
	GlobalSection(SolutionConfigurationPlatforms) = preSolution
		Debug|Any CPU = Debug|Any CPU
		Release|Any CPU = Release|Any CPU
	EndGlobalSection
	GlobalSection(ProjectConfigurationPlatforms) = postSolution
		{812488F6-B20C-4BD3-B9E1-5DDB897CF1C3}.Debug|Any CPU.ActiveCfg = Debug|Any CPU
		{812488F6-B20C-4BD3-B9E1-5DDB897CF1C3}.Debug|Any CPU.Build.0 = Debug|Any CPU
		{812488F6-B20C-4BD3-B9E1-5DDB897CF1C3}.Release|Any CPU.ActiveCfg = Release|Any CPU
		{812488F6-B20C-4BD3-B9E1-5DDB897CF1C3}.Release|Any CPU.Build.0 = Release|Any CPU
	EndGlobalSection
	GlobalSection(SolutionProperties) = preSolution
		HideSolutionNode = FALSE
	EndGlobalSection
	GlobalSection(ExtensibilityGlobals) = postSolution
		SolutionGuid = {1B80F54A-EA95-4984-A2D6-1E880773F89B}
	EndGlobalSection
EndGlobal
